
Microsoft Visual Studio Solution File, Format Version 12.00
# Visual Studio Version 16
VisualStudioVersion = 16.0.33328.57
MinimumVisualStudioVersion = 10.0.40219.1
Project("{FAE04EC0-301F-11D3-BF4B-00C04F79EFBC}") = "WAD_CW_11064", "WAD_CW_11064.csproj", "{8D7060B8-2F97-4BC8-A53C-0558399AC3F3}"
EndProject
Global
	GlobalSection(SolutionConfigurationPlatforms) = preSolution
		Debug|Any CPU = Debug|Any CPU
		Release|Any CPU = Release|Any CPU
	EndGlobalSection
	GlobalSection(ProjectConfigurationPlatforms) = postSolution
		{8D7060B8-2F97-4BC8-A53C-0558399AC3F3}.Debug|Any CPU.ActiveCfg = Debug|Any CPU
		{8D7060B8-2F97-4BC8-A53C-0558399AC3F3}.Debug|Any CPU.Build.0 = Debug|Any CPU
		{8D7060B8-2F97-4BC8-A53C-0558399AC3F3}.Release|Any CPU.ActiveCfg = Release|Any CPU
		{8D7060B8-2F97-4BC8-A53C-0558399AC3F3}.Release|Any CPU.Build.0 = Release|Any CPU
	EndGlobalSection
	GlobalSection(SolutionProperties) = preSolution
		HideSolutionNode = FALSE
	EndGlobalSection
	GlobalSection(ExtensibilityGlobals) = postSolution
		SolutionGuid = {5BE6A9C6-26C1-46F7-831A-B9CC41F4BB11}
	EndGlobalSection
EndGlobal
